
Microsoft Visual Studio Solution File, Format Version 12.00
# Visual Studio Version 17
VisualStudioVersion = 17.9.34723.18
MinimumVisualStudioVersion = 10.0.40219.1
Project("{9A19103F-16F7-4668-BE54-9A1E7A4F7556}") = "WebApi", "WebApi\WebApi.csproj", "{F857DCBA-6596-4A8E-A8C6-E167D85743B0}"
EndProject
Project("{9A19103F-16F7-4668-BE54-9A1E7A4F7556}") = "Aplication", "Aplication\Aplication.csproj", "{E102B807-9040-4DB6-8E57-5FB22A6251FE}"
EndProject
Project("{9A19103F-16F7-4668-BE54-9A1E7A4F7556}") = "Domain", "Domain\Domain.csproj", "{CDB37DBA-C952-495D-A046-C19A41F563C5}"
EndProject
Project("{FAE04EC0-301F-11D3-BF4B-00C04F79EFBC}") = "Infraestructure", "Infraestructure\Infraestructure.csproj", "{6746BA7B-391F-42A4-BEE5-10D9E27F27B9}"
EndProject
Global
	GlobalSection(SolutionConfigurationPlatforms) = preSolution
		Debug|Any CPU = Debug|Any CPU
		Release|Any CPU = Release|Any CPU
	EndGlobalSection
	GlobalSection(ProjectConfigurationPlatforms) = postSolution
		{F857DCBA-6596-4A8E-A8C6-E167D85743B0}.Debug|Any CPU.ActiveCfg = Debug|Any CPU
		{F857DCBA-6596-4A8E-A8C6-E167D85743B0}.Debug|Any CPU.Build.0 = Debug|Any CPU
		{F857DCBA-6596-4A8E-A8C6-E167D85743B0}.Release|Any CPU.ActiveCfg = Release|Any CPU
		{F857DCBA-6596-4A8E-A8C6-E167D85743B0}.Release|Any CPU.Build.0 = Release|Any CPU
		{E102B807-9040-4DB6-8E57-5FB22A6251FE}.Debug|Any CPU.ActiveCfg = Debug|Any CPU
		{E102B807-9040-4DB6-8E57-5FB22A6251FE}.Debug|Any CPU.Build.0 = Debug|Any CPU
		{E102B807-9040-4DB6-8E57-5FB22A6251FE}.Release|Any CPU.ActiveCfg = Release|Any CPU
		{E102B807-9040-4DB6-8E57-5FB22A6251FE}.Release|Any CPU.Build.0 = Release|Any CPU
		{CDB37DBA-C952-495D-A046-C19A41F563C5}.Debug|Any CPU.ActiveCfg = Debug|Any CPU
		{CDB37DBA-C952-495D-A046-C19A41F563C5}.Debug|Any CPU.Build.0 = Debug|Any CPU
		{CDB37DBA-C952-495D-A046-C19A41F563C5}.Release|Any CPU.ActiveCfg = Release|Any CPU
		{CDB37DBA-C952-495D-A046-C19A41F563C5}.Release|Any CPU.Build.0 = Release|Any CPU
		{6746BA7B-391F-42A4-BEE5-10D9E27F27B9}.Debug|Any CPU.ActiveCfg = Debug|Any CPU
		{6746BA7B-391F-42A4-BEE5-10D9E27F27B9}.Debug|Any CPU.Build.0 = Debug|Any CPU
		{6746BA7B-391F-42A4-BEE5-10D9E27F27B9}.Release|Any CPU.ActiveCfg = Release|Any CPU
		{6746BA7B-391F-42A4-BEE5-10D9E27F27B9}.Release|Any CPU.Build.0 = Release|Any CPU
	EndGlobalSection
	GlobalSection(SolutionProperties) = preSolution
		HideSolutionNode = FALSE
	EndGlobalSection
	GlobalSection(ExtensibilityGlobals) = postSolution
		SolutionGuid = {3C2D0A81-1EE6-487C-832B-971C545B2997}
	EndGlobalSection
EndGlobal
